
Microsoft Visual Studio Solution File, Format Version 12.00
# Visual Studio Version 16
VisualStudioVersion = 16.0.30503.244
MinimumVisualStudioVersion = 10.0.40219.1
Project("{9A19103F-16F7-4668-BE54-9A1E7A4F7556}") = "EmptyBotMedi", "EmptyBotMedi\EmptyBotMedi.csproj", "{794E8D32-814F-4380-A803-0BB0E2E06259}"
EndProject
Global
	GlobalSection(SolutionConfigurationPlatforms) = preSolution
		Debug|Any CPU = Debug|Any CPU
		Release|Any CPU = Release|Any CPU
	EndGlobalSection
	GlobalSection(ProjectConfigurationPlatforms) = postSolution
		{794E8D32-814F-4380-A803-0BB0E2E06259}.Debug|Any CPU.ActiveCfg = Debug|Any CPU
		{794E8D32-814F-4380-A803-0BB0E2E06259}.Debug|Any CPU.Build.0 = Debug|Any CPU
		{794E8D32-814F-4380-A803-0BB0E2E06259}.Release|Any CPU.ActiveCfg = Release|Any CPU
		{794E8D32-814F-4380-A803-0BB0E2E06259}.Release|Any CPU.Build.0 = Release|Any CPU
	EndGlobalSection
	GlobalSection(SolutionProperties) = preSolution
		HideSolutionNode = FALSE
	EndGlobalSection
	GlobalSection(ExtensibilityGlobals) = postSolution
		SolutionGuid = {B5C1006D-3610-4F89-9697-8092C0718EF2}
	EndGlobalSection
EndGlobal
